
Microsoft Visual Studio Solution File, Format Version 12.00
# Visual Studio 15
VisualStudioVersion = 15.0.27428.2043
MinimumVisualStudioVersion = 10.0.40219.1
Project("{FAE04EC0-301F-11D3-BF4B-00C04F79EFBC}") = "Calculadora", "Quiz\Calculadora.csproj", "{AFB129DC-6BC2-4421-BD25-C3E8025014F3}"
EndProject
Project("{FAE04EC0-301F-11D3-BF4B-00C04F79EFBC}") = "Cesar", "Cesar\Cesar.csproj", "{45CA9DDF-C5A1-46F0-ADD8-8F28A8EA9E58}"
EndProject
Project("{FAE04EC0-301F-11D3-BF4B-00C04F79EFBC}") = "Malespin1", "Malespin1\Malespin1.csproj", "{2AD5A2AB-39F7-4988-A772-21933E253B8E}"
EndProject
Project("{FAE04EC0-301F-11D3-BF4B-00C04F79EFBC}") = "Murcielago", "WindowsFormsApp1\Murcielago.csproj", "{499BE24B-44D8-4D7B-80FC-9A935C50E355}"
EndProject
Global
	GlobalSection(SolutionConfigurationPlatforms) = preSolution
		Debug|Any CPU = Debug|Any CPU
		Release|Any CPU = Release|Any CPU
	EndGlobalSection
	GlobalSection(ProjectConfigurationPlatforms) = postSolution
		{AFB129DC-6BC2-4421-BD25-C3E8025014F3}.Debug|Any CPU.ActiveCfg = Debug|Any CPU
		{AFB129DC-6BC2-4421-BD25-C3E8025014F3}.Debug|Any CPU.Build.0 = Debug|Any CPU
		{AFB129DC-6BC2-4421-BD25-C3E8025014F3}.Release|Any CPU.ActiveCfg = Release|Any CPU
		{AFB129DC-6BC2-4421-BD25-C3E8025014F3}.Release|Any CPU.Build.0 = Release|Any CPU
		{45CA9DDF-C5A1-46F0-ADD8-8F28A8EA9E58}.Debug|Any CPU.ActiveCfg = Debug|Any CPU
		{45CA9DDF-C5A1-46F0-ADD8-8F28A8EA9E58}.Debug|Any CPU.Build.0 = Debug|Any CPU
		{45CA9DDF-C5A1-46F0-ADD8-8F28A8EA9E58}.Release|Any CPU.ActiveCfg = Release|Any CPU
		{45CA9DDF-C5A1-46F0-ADD8-8F28A8EA9E58}.Release|Any CPU.Build.0 = Release|Any CPU
		{2AD5A2AB-39F7-4988-A772-21933E253B8E}.Debug|Any CPU.ActiveCfg = Debug|Any CPU
		{2AD5A2AB-39F7-4988-A772-21933E253B8E}.Debug|Any CPU.Build.0 = Debug|Any CPU
		{2AD5A2AB-39F7-4988-A772-21933E253B8E}.Release|Any CPU.ActiveCfg = Release|Any CPU
		{2AD5A2AB-39F7-4988-A772-21933E253B8E}.Release|Any CPU.Build.0 = Release|Any CPU
		{499BE24B-44D8-4D7B-80FC-9A935C50E355}.Debug|Any CPU.ActiveCfg = Debug|Any CPU
		{499BE24B-44D8-4D7B-80FC-9A935C50E355}.Debug|Any CPU.Build.0 = Debug|Any CPU
		{499BE24B-44D8-4D7B-80FC-9A935C50E355}.Release|Any CPU.ActiveCfg = Release|Any CPU
		{499BE24B-44D8-4D7B-80FC-9A935C50E355}.Release|Any CPU.Build.0 = Release|Any CPU
	EndGlobalSection
	GlobalSection(SolutionProperties) = preSolution
		HideSolutionNode = FALSE
	EndGlobalSection
	GlobalSection(ExtensibilityGlobals) = postSolution
		SolutionGuid = {8B080915-25E1-40C6-ACBF-9C7DD8BA0751}
	EndGlobalSection
EndGlobal
